
Microsoft Visual Studio Solution File, Format Version 12.00
# Visual Studio 14
VisualStudioVersion = 14.0.25420.1
MinimumVisualStudioVersion = 10.0.40219.1
Project("{FAE04EC0-301F-11D3-BF4B-00C04F79EFBC}") = "WebApp", "WebApp\WebApp.csproj", "{36DA14CB-DC9F-43CB-8F1C-380CEEC2797B}"
EndProject
Project("{FAE04EC0-301F-11D3-BF4B-00C04F79EFBC}") = "DAL", "DAL\DAL.csproj", "{F96106C1-A0E7-4381-9FBA-F4547CA7C01D}"
EndProject
Global
	GlobalSection(SolutionConfigurationPlatforms) = preSolution
		Debug|Any CPU = Debug|Any CPU
		Release|Any CPU = Release|Any CPU
	EndGlobalSection
	GlobalSection(ProjectConfigurationPlatforms) = postSolution
		{36DA14CB-DC9F-43CB-8F1C-380CEEC2797B}.Debug|Any CPU.ActiveCfg = Debug|Any CPU
		{36DA14CB-DC9F-43CB-8F1C-380CEEC2797B}.Debug|Any CPU.Build.0 = Debug|Any CPU
		{36DA14CB-DC9F-43CB-8F1C-380CEEC2797B}.Release|Any CPU.ActiveCfg = Release|Any CPU
		{36DA14CB-DC9F-43CB-8F1C-380CEEC2797B}.Release|Any CPU.Build.0 = Release|Any CPU
		{F96106C1-A0E7-4381-9FBA-F4547CA7C01D}.Debug|Any CPU.ActiveCfg = Debug|Any CPU
		{F96106C1-A0E7-4381-9FBA-F4547CA7C01D}.Debug|Any CPU.Build.0 = Debug|Any CPU
		{F96106C1-A0E7-4381-9FBA-F4547CA7C01D}.Release|Any CPU.ActiveCfg = Release|Any CPU
		{F96106C1-A0E7-4381-9FBA-F4547CA7C01D}.Release|Any CPU.Build.0 = Release|Any CPU
	EndGlobalSection
	GlobalSection(SolutionProperties) = preSolution
		HideSolutionNode = FALSE
	EndGlobalSection
EndGlobal
